{
    "name": "github-markdown-batch-render",
    "version": "0.1.0",
    "lockfileVersion": 2,
    "requires": true,
    "packages": {
        "": {
            "name": "github-markdown-batch-render",
            "version": "0.1.0",
            "devDependencies": {
                "@types/node": "^18.6.3",
                "prettier": "^2.7.1",
                "prettier-plugin-organize-imports": "^3.0.0",
                "typescript": "^4.7.4"
            }
        },
        "node_modules/@types/node": {
            "version": "18.11.0",
            "resolved": "https://registry.npmjs.org/@types/node/-/node-18.11.0.tgz",
            "integrity": "sha512-IOXCvVRToe7e0ny7HpT/X9Rb2RYtElG1a+VshjwT00HxrM2dWBApHQoqsI6WiY7Q03vdf2bCrIGzVrkF/5t10w==",
            "dev": true
        },
        "node_modules/prettier": {
            "version": "2.7.1",
            "resolved": "https://registry.npmjs.org/prettier/-/prettier-2.7.1.tgz",
            "integrity": "sha512-ujppO+MkdPqoVINuDFDRLClm7D78qbDt0/NR+wp5FqEZOoTNAjPHWj17QRhu7geIHJfcNhRk1XVQmF8Bp3ye+g==",
            "dev": true,
            "bin": {
                "prettier": "bin-prettier.js"
            },
            "engines": {
                "node": ">=10.13.0"
            },
            "funding": {
                "url": "https://github.com/prettier/prettier?sponsor=1"
            }
        },
        "node_modules/prettier-plugin-organize-imports": {
            "version": "3.1.1",
            "resolved": "https://registry.npmjs.org/prettier-plugin-organize-imports/-/prettier-plugin-organize-imports-3.1.1.tgz",
            "integrity": "sha512-6bHIQzybqA644h0WGUW3gpWEVbMBvzui5wCMRBi7qA++d5ov2xjjfDk8pxJJ/ardfZrGAwizKMq/fQMFdJ+0Zw==",
            "dev": true,
            "peerDependencies": {
                "@volar/vue-typescript": ">=0.40.2",
                "prettier": ">=2.0",
                "typescript": ">=2.9"
            },
            "peerDependenciesMeta": {
                "@volar/vue-typescript": {
                    "optional": true
                }
            }
        },
        "node_modules/typescript": {
            "version": "4.8.4",
            "resolved": "https://registry.npmjs.org/typescript/-/typescript-4.8.4.tgz",
            "integrity": "sha512-QCh+85mCy+h0IGff8r5XWzOVSbBO+KfeYrMQh7NJ58QujwcE22u+NUSmUxqF+un70P9GXKxa2HCNiTTMJknyjQ==",
            "dev": true,
            "bin": {
                "tsc": "bin/tsc",
                "tsserver": "bin/tsserver"
            },
            "engines": {
                "node": ">=4.2.0"
            }
        }
    },
    "dependencies": {
        "@types/node": {
            "version": "18.11.0",
            "resolved": "https://registry.npmjs.org/@types/node/-/node-18.11.0.tgz",
            "integrity": "sha512-IOXCvVRToe7e0ny7HpT/X9Rb2RYtElG1a+VshjwT00HxrM2dWBApHQoqsI6WiY7Q03vdf2bCrIGzVrkF/5t10w==",
            "dev": true
        },
        "prettier": {
            "version": "2.7.1",
            "resolved": "https://registry.npmjs.org/prettier/-/prettier-2.7.1.tgz",
            "integrity": "sha512-ujppO+MkdPqoVINuDFDRLClm7D78qbDt0/NR+wp5FqEZOoTNAjPHWj17QRhu7geIHJfcNhRk1XVQmF8Bp3ye+g==",
            "dev": true
        },
        "prettier-plugin-organize-imports": {
            "version": "3.1.1",
            "resolved": "https://registry.npmjs.org/prettier-plugin-organize-imports/-/prettier-plugin-organize-imports-3.1.1.tgz",
            "integrity": "sha512-6bHIQzybqA644h0WGUW3gpWEVbMBvzui5wCMRBi7qA++d5ov2xjjfDk8pxJJ/ardfZrGAwizKMq/fQMFdJ+0Zw==",
            "dev": true,
            "requires": {}
        },
        "typescript": {
            "version": "4.8.4",
            "resolved": "https://registry.npmjs.org/typescript/-/typescript-4.8.4.tgz",
            "integrity": "sha512-QCh+85mCy+h0IGff8r5XWzOVSbBO+KfeYrMQh7NJ58QujwcE22u+NUSmUxqF+un70P9GXKxa2HCNiTTMJknyjQ==",
            "dev": true
        }
    }
}
